
Microsoft Visual Studio Solution File, Format Version 12.00
# Visual Studio Version 16
VisualStudioVersion = 16.0.29911.84
MinimumVisualStudioVersion = 10.0.40219.1
Project("{FAE04EC0-301F-11D3-BF4B-00C04F79EFBC}") = "normalizerS2Pfiles", "normalizerS2Pfiles\normalizerS2Pfiles\normalizerS2Pfiles.csproj", "{44331D32-410D-4DAE-A0B5-EF10EC425BBE}"
EndProject
Project("{FAE04EC0-301F-11D3-BF4B-00C04F79EFBC}") = "UiS2pViewer", "UiS2pViewer\UiS2pViewer\UiS2pViewer.csproj", "{9FBCE4E6-EA9D-4F6D-9787-D87204862E22}"
EndProject
Project("{FAE04EC0-301F-11D3-BF4B-00C04F79EFBC}") = "normalizerS2Pfiles.Tests", "normalizerS2Pfiles\normalizerS2Pfiles.Tests\normalizerS2Pfiles.Tests.csproj", "{F4DB838E-620D-4B21-A650-E67C7CC3BBD4}"
EndProject
Global
	GlobalSection(SolutionConfigurationPlatforms) = preSolution
		Debug|Any CPU = Debug|Any CPU
		Release|Any CPU = Release|Any CPU
	EndGlobalSection
	GlobalSection(ProjectConfigurationPlatforms) = postSolution
		{44331D32-410D-4DAE-A0B5-EF10EC425BBE}.Debug|Any CPU.ActiveCfg = Debug|Any CPU
		{44331D32-410D-4DAE-A0B5-EF10EC425BBE}.Debug|Any CPU.Build.0 = Debug|Any CPU
		{44331D32-410D-4DAE-A0B5-EF10EC425BBE}.Release|Any CPU.ActiveCfg = Release|Any CPU
		{44331D32-410D-4DAE-A0B5-EF10EC425BBE}.Release|Any CPU.Build.0 = Release|Any CPU
		{F4DB838E-620D-4B21-A650-E67C7CC3BBD4}.Debug|Any CPU.ActiveCfg = Debug|Any CPU
		{9FBCE4E6-EA9D-4F6D-9787-D87204862E22}.Debug|Any CPU.ActiveCfg = Debug|Any CPU
		{9FBCE4E6-EA9D-4F6D-9787-D87204862E22}.Debug|Any CPU.Build.0 = Debug|Any CPU
		{9FBCE4E6-EA9D-4F6D-9787-D87204862E22}.Release|Any CPU.ActiveCfg = Release|Any CPU
		{9FBCE4E6-EA9D-4F6D-9787-D87204862E22}.Release|Any CPU.Build.0 = Release|Any CPU
		{F4DB838E-620D-4B21-A650-E67C7CC3BBD4}.Debug|Any CPU.Build.0 = Debug|Any CPU
		{F4DB838E-620D-4B21-A650-E67C7CC3BBD4}.Release|Any CPU.ActiveCfg = Release|Any CPU
		{F4DB838E-620D-4B21-A650-E67C7CC3BBD4}.Release|Any CPU.Build.0 = Release|Any CPU
	EndGlobalSection
	GlobalSection(SolutionProperties) = preSolution
		HideSolutionNode = FALSE
	EndGlobalSection
	GlobalSection(ExtensibilityGlobals) = postSolution
		SolutionGuid = {313179B2-FA47-4251-B602-C7B01B9044FD}
	EndGlobalSection
EndGlobal
